
Microsoft Visual Studio Solution File, Format Version 12.00
# Visual Studio 2012
Project("{FAE04EC0-301F-11D3-BF4B-00C04F79EFBC}") = "OutputTotal", "OutputTotal\OutputTotal.csproj", "{111B6650-17A3-4F17-B25D-E0AAE3CA458F}"
EndProject
Global
	GlobalSection(SolutionConfigurationPlatforms) = preSolution
		Debug|Any CPU = Debug|Any CPU
		Release|Any CPU = Release|Any CPU
	EndGlobalSection
	GlobalSection(ProjectConfigurationPlatforms) = postSolution
		{111B6650-17A3-4F17-B25D-E0AAE3CA458F}.Debug|Any CPU.ActiveCfg = Debug|Any CPU
		{111B6650-17A3-4F17-B25D-E0AAE3CA458F}.Debug|Any CPU.Build.0 = Debug|Any CPU
		{111B6650-17A3-4F17-B25D-E0AAE3CA458F}.Release|Any CPU.ActiveCfg = Release|Any CPU
		{111B6650-17A3-4F17-B25D-E0AAE3CA458F}.Release|Any CPU.Build.0 = Release|Any CPU
	EndGlobalSection
	GlobalSection(SolutionProperties) = preSolution
		HideSolutionNode = FALSE
	EndGlobalSection
EndGlobal
